
Microsoft Visual Studio Solution File, Format Version 12.00
Project("{FAE04EC0-301F-11D3-BF4B-00C04F79EFBC}") = "RiderKata", "RiderKata\RiderKata.csproj", "{EE85F1AE-EDD5-401B-9C9A-1C6A9646927E}"
EndProject
Global
	GlobalSection(SolutionConfigurationPlatforms) = preSolution
		Debug|Any CPU = Debug|Any CPU
		Release|Any CPU = Release|Any CPU
	EndGlobalSection
	GlobalSection(ProjectConfigurationPlatforms) = postSolution
		{EE85F1AE-EDD5-401B-9C9A-1C6A9646927E}.Debug|Any CPU.ActiveCfg = Debug|Any CPU
		{EE85F1AE-EDD5-401B-9C9A-1C6A9646927E}.Debug|Any CPU.Build.0 = Debug|Any CPU
		{EE85F1AE-EDD5-401B-9C9A-1C6A9646927E}.Release|Any CPU.ActiveCfg = Release|Any CPU
		{EE85F1AE-EDD5-401B-9C9A-1C6A9646927E}.Release|Any CPU.Build.0 = Release|Any CPU
	EndGlobalSection
EndGlobal
